
Microsoft Visual Studio Solution File, Format Version 12.00
# Visual Studio Version 16
VisualStudioVersion = 16.0.32929.386
MinimumVisualStudioVersion = 10.0.40219.1
Project("{FAE04EC0-301F-11D3-BF4B-00C04F79EFBC}") = "eTickets", "eTickets\eTickets.csproj", "{F8C5A146-98B7-464D-97A9-F1DBBD32B491}"
EndProject
Global
	GlobalSection(SolutionConfigurationPlatforms) = preSolution
		Debug|Any CPU = Debug|Any CPU
		Release|Any CPU = Release|Any CPU
	EndGlobalSection
	GlobalSection(ProjectConfigurationPlatforms) = postSolution
		{F8C5A146-98B7-464D-97A9-F1DBBD32B491}.Debug|Any CPU.ActiveCfg = Debug|Any CPU
		{F8C5A146-98B7-464D-97A9-F1DBBD32B491}.Debug|Any CPU.Build.0 = Debug|Any CPU
		{F8C5A146-98B7-464D-97A9-F1DBBD32B491}.Release|Any CPU.ActiveCfg = Release|Any CPU
		{F8C5A146-98B7-464D-97A9-F1DBBD32B491}.Release|Any CPU.Build.0 = Release|Any CPU
	EndGlobalSection
	GlobalSection(SolutionProperties) = preSolution
		HideSolutionNode = FALSE
	EndGlobalSection
	GlobalSection(ExtensibilityGlobals) = postSolution
		SolutionGuid = {7F347DD6-588E-4263-8BD8-59CAD36468A1}
	EndGlobalSection
EndGlobal
